
Microsoft Visual Studio Solution File, Format Version 12.00
# Visual Studio Version 16
VisualStudioVersion = 16.0.29209.62
MinimumVisualStudioVersion = 10.0.40219.1
Project("{FAE04EC0-301F-11D3-BF4B-00C04F79EFBC}") = "dolphin.shadowthehedgehog.rpc", "dolphin.shadowthehedgehog.rpc\dolphin.shadowthehedgehog.rpc.csproj", "{36223F33-166D-4D63-A714-4D4E53570409}"
EndProject
Global
	GlobalSection(SolutionConfigurationPlatforms) = preSolution
		Debug|Any CPU = Debug|Any CPU
		Release|Any CPU = Release|Any CPU
	EndGlobalSection
	GlobalSection(ProjectConfigurationPlatforms) = postSolution
		{36223F33-166D-4D63-A714-4D4E53570409}.Debug|Any CPU.ActiveCfg = Debug|Any CPU
		{36223F33-166D-4D63-A714-4D4E53570409}.Debug|Any CPU.Build.0 = Debug|Any CPU
		{36223F33-166D-4D63-A714-4D4E53570409}.Release|Any CPU.ActiveCfg = Release|Any CPU
		{36223F33-166D-4D63-A714-4D4E53570409}.Release|Any CPU.Build.0 = Release|Any CPU
	EndGlobalSection
	GlobalSection(SolutionProperties) = preSolution
		HideSolutionNode = FALSE
	EndGlobalSection
	GlobalSection(ExtensibilityGlobals) = postSolution
		SolutionGuid = {5C372580-286E-4FC4-B212-5BE88B2DEA04}
	EndGlobalSection
EndGlobal
